
Microsoft Visual Studio Solution File, Format Version 12.00
# Visual Studio Version 17
VisualStudioVersion = 17.2.32602.215
MinimumVisualStudioVersion = 10.0.40219.1
Project("{9A19103F-16F7-4668-BE54-9A1E7A4F7556}") = "JWTExample", "JWTExample\JWTExample.csproj", "{831DEEA0-FF22-47DE-967F-FC3391C3220D}"
EndProject
Global
	GlobalSection(SolutionConfigurationPlatforms) = preSolution
		Debug|Any CPU = Debug|Any CPU
		Release|Any CPU = Release|Any CPU
	EndGlobalSection
	GlobalSection(ProjectConfigurationPlatforms) = postSolution
		{831DEEA0-FF22-47DE-967F-FC3391C3220D}.Debug|Any CPU.ActiveCfg = Debug|Any CPU
		{831DEEA0-FF22-47DE-967F-FC3391C3220D}.Debug|Any CPU.Build.0 = Debug|Any CPU
		{831DEEA0-FF22-47DE-967F-FC3391C3220D}.Release|Any CPU.ActiveCfg = Release|Any CPU
		{831DEEA0-FF22-47DE-967F-FC3391C3220D}.Release|Any CPU.Build.0 = Release|Any CPU
	EndGlobalSection
	GlobalSection(SolutionProperties) = preSolution
		HideSolutionNode = FALSE
	EndGlobalSection
	GlobalSection(ExtensibilityGlobals) = postSolution
		SolutionGuid = {C0B6FC7A-F320-4B67-B6B6-79D8385AF093}
	EndGlobalSection
EndGlobal
